
Microsoft Visual Studio Solution File, Format Version 12.00
# Visual Studio Version 16
VisualStudioVersion = 16.0.29215.179
MinimumVisualStudioVersion = 10.0.40219.1
Project("{FAE04EC0-301F-11D3-BF4B-00C04F79EFBC}") = "Assembly-CSharp", "Assembly-CSharp.csproj", "{7A0843A6-8391-51F2-2BD5-41293584528A}"
EndProject
Project("{9A19103F-16F7-4668-BE54-9A1E7A4F7556}") = "MSSA.Model", "..\..\GameDatabase\GameDatabase\MSSA.Model.csproj", "{2AC8940B-CDC7-4E6B-984E-61946A5AD38F}"
EndProject
Global
	GlobalSection(SolutionConfigurationPlatforms) = preSolution
		Debug|Any CPU = Debug|Any CPU
		Release|Any CPU = Release|Any CPU
	EndGlobalSection
	GlobalSection(ProjectConfigurationPlatforms) = postSolution
		{7A0843A6-8391-51F2-2BD5-41293584528A}.Debug|Any CPU.ActiveCfg = Debug|Any CPU
		{7A0843A6-8391-51F2-2BD5-41293584528A}.Debug|Any CPU.Build.0 = Debug|Any CPU
		{7A0843A6-8391-51F2-2BD5-41293584528A}.Release|Any CPU.ActiveCfg = Release|Any CPU
		{7A0843A6-8391-51F2-2BD5-41293584528A}.Release|Any CPU.Build.0 = Release|Any CPU
		{2AC8940B-CDC7-4E6B-984E-61946A5AD38F}.Debug|Any CPU.ActiveCfg = Debug|Any CPU
		{2AC8940B-CDC7-4E6B-984E-61946A5AD38F}.Debug|Any CPU.Build.0 = Debug|Any CPU
		{2AC8940B-CDC7-4E6B-984E-61946A5AD38F}.Release|Any CPU.ActiveCfg = Release|Any CPU
		{2AC8940B-CDC7-4E6B-984E-61946A5AD38F}.Release|Any CPU.Build.0 = Release|Any CPU
	EndGlobalSection
	GlobalSection(SolutionProperties) = preSolution
		HideSolutionNode = FALSE
	EndGlobalSection
	GlobalSection(ExtensibilityGlobals) = postSolution
		SolutionGuid = {2017FC30-6500-4538-92F3-6D6D59E6A48F}
	EndGlobalSection
EndGlobal
